// !$*UTF8*$!
{
	archiveVersion = 1;
	classes = {
	};
	objectVersion = 56;
	objects = {

/* Begin PBXBuildFile section */
		62D46ABB2A01D9EE00ECBFC1 /* AppDelegate.swift in Sources */ = {isa = PBXBuildFile; fileRef = 62D46ABA2A01D9EE00ECBFC1 /* AppDelegate.swift */; };
		62D46ABD2A01D9EE00ECBFC1 /* SceneDelegate.swift in Sources */ = {isa = PBXBuildFile; fileRef = 62D46ABC2A01D9EE00ECBFC1 /* SceneDelegate.swift */; };
		62D46ABF2A01D9EE00ECBFC1 /* ViewController.swift in Sources */ = {isa = PBXBuildFile; fileRef = 62D46ABE2A01D9EE00ECBFC1 /* ViewController.swift */; };
		62D46AC52A01D9EE00ECBFC1 /* backgroundAndNavigation.xcdatamodeld in Sources */ = {isa = PBXBuildFile; fileRef = 62D46AC32A01D9EE00ECBFC1 /* backgroundAndNavigation.xcdatamodeld */; };
		62D46AC72A01D9F000ECBFC1 /* Assets.xcassets in Resources */ = {isa = PBXBuildFile; fileRef = 62D46AC62A01D9F000ECBFC1 /* Assets.xcassets */; };
		62D46ACA2A01D9F000ECBFC1 /* LaunchScreen.storyboard in Resources */ = {isa = PBXBuildFile; fileRef = 62D46AC82A01D9F000ECBFC1 /* LaunchScreen.storyboard */; };
		62D46AD22A01EAEC00ECBFC1 /* SecondScreenViewController.swift in Sources */ = {isa = PBXBuildFile; fileRef = 62D46AD12A01EAEC00ECBFC1 /* SecondScreenViewController.swift */; };
		62D46AD42A01F71600ECBFC1 /* Main.storyboard in Resources */ = {isa = PBXBuildFile; fileRef = 62D46AD32A01F71600ECBFC1 /* Main.storyboard */; };
/* End PBXBuildFile section */

/* Begin PBXFileReference section */
		62D46AB72A01D9ED00ECBFC1 /* backgroundAndNavigation.app */ = {isa = PBXFileReference; explicitFileType = wrapper.application; includeInIndex = 0; path = backgroundAndNavigation.app; sourceTree = BUILT_PRODUCTS_DIR; };
		62D46ABA2A01D9EE00ECBFC1 /* AppDelegate.swift */ = {isa = PBXFileReference; lastKnownFileType = sourcecode.swift; path = AppDelegate.swift; sourceTree = "<group>"; };
		62D46ABC2A01D9EE00ECBFC1 /* SceneDelegate.swift */ = {isa = PBXFileReference; lastKnownFileType = sourcecode.swift; path = SceneDelegate.swift; sourceTree = "<group>"; };
		62D46ABE2A01D9EE00ECBFC1 /* ViewController.swift */ = {isa = PBXFileReference; lastKnownFileType = sourcecode.swift; path = ViewController.swift; sourceTree = "<group>"; };
		62D46AC42A01D9EE00ECBFC1 /* backgroundAndNavigation.xcdatamodel */ = {isa = PBXFileReference; lastKnownFileType = wrapper.xcdatamodel; path = backgroundAndNavigation.xcdatamodel; sourceTree = "<group>"; };
		62D46AC62A01D9F000ECBFC1 /* Assets.xcassets */ = {isa = PBXFileReference; lastKnownFileType = folder.assetcatalog; path = Assets.xcassets; sourceTree = "<group>"; };
		62D46AC92A01D9F000ECBFC1 /* Base */ = {isa = PBXFileReference; lastKnownFileType = file.storyboard; name = Base; path = Base.lproj/LaunchScreen.storyboard; sourceTree = "<group>"; };
		62D46ACB2A01D9F000ECBFC1 /* Info.plist */ = {isa = PBXFileReference; lastKnownFileType = text.plist.xml; path = Info.plist; sourceTree = "<group>"; };
		62D46AD12A01EAEC00ECBFC1 /* SecondScreenViewController.swift */ = {isa = PBXFileReference; lastKnownFileType = sourcecode.swift; path = SecondScreenViewController.swift; sourceTree = "<group>"; };
		62D46AD32A01F71600ECBFC1 /* Main.storyboard */ = {isa = PBXFileReference; fileEncoding = 4; lastKnownFileType = file.storyboard; name = Main.storyboard; path = ../../../../../.Trash/Main.storyboard; sourceTree = "<group>"; };
/* End PBXFileReference section */

/* Begin PBXFrameworksBuildPhase section */
		62D46AB42A01D9ED00ECBFC1 /* Frameworks */ = {
			isa = PBXFrameworksBuildPhase;
			buildActionMask = 2147483647;
			files = (
			);
			runOnlyForDeploymentPostprocessing = 0;
		};
/* End PBXFrameworksBuildPhase section */

/* Begin PBXGroup section */
		62D46AAE2A01D9ED00ECBFC1 = {
			isa = PBXGroup;
			children = (
				62D46AB92A01D9ED00ECBFC1 /* backgroundAndNavigation */,
				62D46AB82A01D9ED00ECBFC1 /* Products */,
			);
			sourceTree = "<group>";
		};
		62D46AB82A01D9ED00ECBFC1 /* Products */ = {
			isa = PBXGroup;
			children = (
				62D46AB72A01D9ED00ECBFC1 /* backgroundAndNavigation.app */,
			);
			name = Products;
			sourceTree = "<group>";
		};
		62D46AB92A01D9ED00ECBFC1 /* backgroundAndNavigation */ = {
			isa = PBXGroup;
			children = (
				62D46ABA2A01D9EE00ECBFC1 /* AppDelegate.swift */,
				62D46ABC2A01D9EE00ECBFC1 /* SceneDelegate.swift */,
				62D46AD32A01F71600ECBFC1 /* Main.storyboard */,
				62D46ABE2A01D9EE00ECBFC1 /* ViewController.swift */,
				62D46AC62A01D9F000ECBFC1 /* Assets.xcassets */,
				62D46AC82A01D9F000ECBFC1 /* LaunchScreen.storyboard */,
				62D46ACB2A01D9F000ECBFC1 /* Info.plist */,
				62D46AC32A01D9EE00ECBFC1 /* backgroundAndNavigation.xcdatamodeld */,
				62D46AD12A01EAEC00ECBFC1 /* SecondScreenViewController.swift */,
			);
			path = backgroundAndNavigation;
			sourceTree = "<group>";
		};
/* End PBXGroup section */

/* Begin PBXNativeTarget section */
		62D46AB62A01D9ED00ECBFC1 /* backgroundAndNavigation */ = {
			isa = PBXNativeTarget;
			buildConfigurationList = 62D46ACE2A01D9F000ECBFC1 /* Build configuration list for PBXNativeTarget "backgroundAndNavigation" */;
			buildPhases = (
				62D46AB32A01D9ED00ECBFC1 /* Sources */,
				62D46AB42A01D9ED00ECBFC1 /* Frameworks */,
				62D46AB52A01D9ED00ECBFC1 /* Resources */,
			);
			buildRules = (
			);
			dependencies = (
			);
			name = backgroundAndNavigation;
			productName = backgroundAndNavigation;
			productReference = 62D46AB72A01D9ED00ECBFC1 /* backgroundAndNavigation.app */;
			productType = "com.apple.product-type.application";
		};
/* End PBXNativeTarget section */

/* Begin PBXProject section */
		62D46AAF2A01D9ED00ECBFC1 /* Project object */ = {
			isa = PBXProject;
			attributes = {
				BuildIndependentTargetsInParallel = 1;
				LastSwiftUpdateCheck = 1420;
				LastUpgradeCheck = 1420;
				TargetAttributes = {
					62D46AB62A01D9ED00ECBFC1 = {
						CreatedOnToolsVersion = 14.2;
					};
				};
			};
			buildConfigurationList = 62D46AB22A01D9ED00ECBFC1 /* Build configuration list for PBXProject "backgroundAndNavigation" */;
			compatibilityVersion = "Xcode 14.0";
			developmentRegion = en;
			hasScannedForEncodings = 0;
			knownRegions = (
				en,
				Base,
			);
			mainGroup = 62D46AAE2A01D9ED00ECBFC1;
			productRefGroup = 62D46AB82A01D9ED00ECBFC1 /* Products */;
			projectDirPath = "";
			projectRoot = "";
			targets = (
				62D46AB62A01D9ED00ECBFC1 /* backgroundAndNavigation */,
			);
		};
/* End PBXProject section */

/* Begin PBXResourcesBuildPhase section */
		62D46AB52A01D9ED00ECBFC1 /* Resources */ = {
			isa = PBXResourcesBuildPhase;
			buildActionMask = 2147483647;
			files = (
				62D46AD42A01F71600ECBFC1 /* Main.storyboard in Resources */,
				62D46ACA2A01D9F000ECBFC1 /* LaunchScreen.storyboard in Resources */,
				62D46AC72A01D9F000ECBFC1 /* Assets.xcassets in Resources */,
			);
			runOnlyForDeploymentPostprocessing = 0;
		};
/* End PBXResourcesBuildPhase section */

/* Begin PBXSourcesBuildPhase section */
		62D46AB32A01D9ED00ECBFC1 /* Sources */ = {
			isa = PBXSourcesBuildPhase;
			buildActionMask = 2147483647;
			files = (
				62D46ABF2A01D9EE00ECBFC1 /* ViewController.swift in Sources */,
				62D46AD22A01EAEC00ECBFC1 /* SecondScreenViewController.swift in Sources */,
				62D46ABB2A01D9EE00ECBFC1 /* AppDelegate.swift in Sources */,
				62D46ABD2A01D9EE00ECBFC1 /* SceneDelegate.swift in Sources */,
				62D46AC52A01D9EE00ECBFC1 /* backgroundAndNavigation.xcdatamodeld in Sources */,
			);
			runOnlyForDeploymentPostprocessing = 0;
		};
/* End PBXSourcesBuildPhase section */

/* Begin PBXVariantGroup section */
		62D46AC82A01D9F000ECBFC1 /* LaunchScreen.storyboard */ = {
			isa = PBXVariantGroup;
			children = (
				62D46AC92A01D9F000ECBFC1 /* Base */,
			);
			name = LaunchScreen.storyboard;
			sourceTree = "<group>";
		};
/* End PBXVariantGroup section */

/* Begin XCBuildConfiguration section */
		62D46ACC2A01D9F000ECBFC1 /* Debug */ = {
			isa = XCBuildConfiguration;
			buildSettings = {
				ALWAYS_SEARCH_USER_PATHS = NO;
				CLANG_ANALYZER_NONNULL = YES;
				CLANG_ANALYZER_NUMBER_OBJECT_CONVERSION = YES_AGGRESSIVE;
				CLANG_CXX_LANGUAGE_STANDARD = "gnu++20";
				CLANG_ENABLE_MODULES = YES;
				CLANG_ENABLE_OBJC_ARC = YES;
				CLANG_ENABLE_OBJC_WEAK = YES;
				CLANG_WARN_BLOCK_CAPTURE_AUTORELEASING = YES;
				CLANG_WARN_BOOL_CONVERSION = YES;
				CLANG_WARN_COMMA = YES;
				CLANG_WARN_CONSTANT_CONVERSION = YES;
				CLANG_WARN_DEPRECATED_OBJC_IMPLEMENTATIONS = YES;
				CLANG_WARN_DIRECT_OBJC_ISA_USAGE = YES_ERROR;
				CLANG_WARN_DOCUMENTATION_COMMENTS = YES;
				CLANG_WARN_EMPTY_BODY = YES;
				CLANG_WARN_ENUM_CONVERSION = YES;
				CLANG_WARN_INFINITE_RECURSION = YES;
				CLANG_WARN_INT_CONVERSION = YES;
				CLANG_WARN_NON_LITERAL_NULL_CONVERSION = YES;
				CLANG_WARN_OBJC_IMPLICIT_RETAIN_SELF = YES;
				CLANG_WARN_OBJC_LITERAL_CONVERSION = YES;
				CLANG_WARN_OBJC_ROOT_CLASS = YES_ERROR;
				CLANG_WARN_QUOTED_INCLUDE_IN_FRAMEWORK_HEADER = YES;
				CLANG_WARN_RANGE_LOOP_ANALYSIS = YES;
				CLANG_WARN_STRICT_PROTOTYPES = YES;
				CLANG_WARN_SUSPICIOUS_MOVE = YES;
				CLANG_WARN_UNGUARDED_AVAILABILITY = YES_AGGRESSIVE;
				CLANG_WARN_UNREACHABLE_CODE = YES;
				CLANG_WARN__DUPLICATE_METHOD_MATCH = YES;
				COPY_PHASE_STRIP = NO;
				DEBUG_INFORMATION_FORMAT = dwarf;
				ENABLE_STRICT_OBJC_MSGSEND = YES;
				ENABLE_TESTABILITY = YES;
				GCC_C_LANGUAGE_STANDARD = gnu11;
				GCC_DYNAMIC_NO_PIC = NO;
				GCC_NO_COMMON_BLOCKS = YES;
				GCC_OPTIMIZATION_LEVEL = 0;
				GCC_PREPROCESSOR_DEFINITIONS = (
					"DEBUG=1",
					"$(inherited)",
				);
				GCC_WARN_64_TO_32_BIT_CONVERSION = YES;
				GCC_WARN_ABOUT_RETURN_TYPE = YES_ERROR;
				GCC_WARN_UNDECLARED_SELECTOR = YES;
				GCC_WARN_UNINITIALIZED_AUTOS = YES_AGGRESSIVE;
				GCC_WARN_UNUSED_FUNCTION = YES;
				GCC_WARN_UNUSED_VARIABLE = YES;
				IPHONEOS_DEPLOYMENT_TARGET = 16.2;
				MTL_ENABLE_DEBUG_INFO = INCLUDE_SOURCE;
				MTL_FAST_MATH = YES;
				ONLY_ACTIVE_ARCH = YES;
				SDKROOT = iphoneos;
				SWIFT_ACTIVE_COMPILATION_CONDITIONS = DEBUG;
				SWIFT_OPTIMIZATION_LEVEL = "-Onone";
			};
			name = Debug;
		};
		62D46ACD2A01D9F000ECBFC1 /* Release */ = {
			isa = XCBuildConfiguration;
			buildSettings = {
				ALWAYS_SEARCH_USER_PATHS = NO;
				CLANG_ANALYZER_NONNULL = YES;
				CLANG_ANALYZER_NUMBER_OBJECT_CONVERSION = YES_AGGRESSIVE;
				CLANG_CXX_LANGUAGE_STANDARD = "gnu++20";
				CLANG_ENABLE_MODULES = YES;
				CLANG_ENABLE_OBJC_ARC = YES;
				CLANG_ENABLE_OBJC_WEAK = YES;
				CLANG_WARN_BLOCK_CAPTURE_AUTORELEASING = YES;
				CLANG_WARN_BOOL_CONVERSION = YES;
				CLANG_WARN_COMMA = YES;
				CLANG_WARN_CONSTANT_CONVERSION = YES;
				CLANG_WARN_DEPRECATED_OBJC_IMPLEMENTATIONS = YES;
				CLANG_WARN_DIRECT_OBJC_ISA_USAGE = YES_ERROR;
				CLANG_WARN_DOCUMENTATION_COMMENTS = YES;
				CLANG_WARN_EMPTY_BODY = YES;
				CLANG_WARN_ENUM_CONVERSION = YES;
				CLANG_WARN_INFINITE_RECURSION = YES;
				CLANG_WARN_INT_CONVERSION = YES;
				CLANG_WARN_NON_LITERAL_NULL_CONVERSION = YES;
				CLANG_WARN_OBJC_IMPLICIT_RETAIN_SELF = YES;
				CLANG_WARN_OBJC_LITERAL_CONVERSION = YES;
				CLANG_WARN_OBJC_ROOT_CLASS = YES_ERROR;
				CLANG_WARN_QUOTED_INCLUDE_IN_FRAMEWORK_HEADER = YES;
				CLANG_WARN_RANGE_LOOP_ANALYSIS = YES;
				CLANG_WARN_STRICT_PROTOTYPES = YES;
				CLANG_WARN_SUSPICIOUS_MOVE = YES;
				CLANG_WARN_UNGUARDED_AVAILABILITY = YES_AGGRESSIVE;
				CLANG_WARN_UNREACHABLE_CODE = YES;
				CLANG_WARN__DUPLICATE_METHOD_MATCH = YES;
				COPY_PHASE_STRIP = NO;
				DEBUG_INFORMATION_FORMAT = "dwarf-with-dsym";
				ENABLE_NS_ASSERTIONS = NO;
				ENABLE_STRICT_OBJC_MSGSEND = YES;
				GCC_C_LANGUAGE_STANDARD = gnu11;
				GCC_NO_COMMON_BLOCKS = YES;
				GCC_WARN_64_TO_32_BIT_CONVERSION = YES;
				GCC_WARN_ABOUT_RETURN_TYPE = YES_ERROR;
				GCC_WARN_UNDECLARED_SELECTOR = YES;
				GCC_WARN_UNINITIALIZED_AUTOS = YES_AGGRESSIVE;
				GCC_WARN_UNUSED_FUNCTION = YES;
				GCC_WARN_UNUSED_VARIABLE = YES;
				IPHONEOS_DEPLOYMENT_TARGET = 16.2;
				MTL_ENABLE_DEBUG_INFO = NO;
				MTL_FAST_MATH = YES;
				SDKROOT = iphoneos;
				SWIFT_COMPILATION_MODE = wholemodule;
				SWIFT_OPTIMIZATION_LEVEL = "-O";
				VALIDATE_PRODUCT = YES;
			};
			name = Release;
		};
		62D46ACF2A01D9F000ECBFC1 /* Debug */ = {
			isa = XCBuildConfiguration;
			buildSettings = {
				ASSETCATALOG_COMPILER_APPICON_NAME = AppIcon;
				ASSETCATALOG_COMPILER_GLOBAL_ACCENT_COLOR_NAME = AccentColor;
				CODE_SIGN_STYLE = Automatic;
				CURRENT_PROJECT_VERSION = 1;
				GENERATE_INFOPLIST_FILE = YES;
				INFOPLIST_FILE = backgroundAndNavigation/Info.plist;
				INFOPLIST_KEY_UIApplicationSupportsIndirectInputEvents = YES;
				INFOPLIST_KEY_UILaunchStoryboardName = LaunchScreen;
				INFOPLIST_KEY_UIMainStoryboardFile = Main;
				INFOPLIST_KEY_UISupportedInterfaceOrientations_iPad = "UIInterfaceOrientationPortrait UIInterfaceOrientationPortraitUpsideDown UIInterfaceOrientationLandscapeLeft UIInterfaceOrientationLandscapeRight";
				INFOPLIST_KEY_UISupportedInterfaceOrientations_iPhone = "UIInterfaceOrientationPortrait UIInterfaceOrientationLandscapeLeft UIInterfaceOrientationLandscapeRight";
				IPHONEOS_DEPLOYMENT_TARGET = 14.0;
				LD_RUNPATH_SEARCH_PATHS = (
					"$(inherited)",
					"@executable_path/Frameworks",
				);
				MARKETING_VERSION = 1.0;
				PRODUCT_BUNDLE_IDENTIFIER = com.tabita.backgroundAndNavigation;
				PRODUCT_NAME = "$(TARGET_NAME)";
				SUPPORTED_PLATFORMS = "iphoneos iphonesimulator";
				SUPPORTS_MACCATALYST = NO;
				SUPPORTS_MAC_DESIGNED_FOR_IPHONE_IPAD = NO;
				SWIFT_EMIT_LOC_STRINGS = YES;
				SWIFT_VERSION = 5.0;
				TARGETED_DEVICE_FAMILY = 1;
			};
			name = Debug;
		};
		62D46AD02A01D9F000ECBFC1 /* Release */ = {
			isa = XCBuildConfiguration;
			buildSettings = {
				ASSETCATALOG_COMPILER_APPICON_NAME = AppIcon;
				ASSETCATALOG_COMPILER_GLOBAL_ACCENT_COLOR_NAME = AccentColor;
				CODE_SIGN_STYLE = Automatic;
				CURRENT_PROJECT_VERSION = 1;
				GENERATE_INFOPLIST_FILE = YES;
				INFOPLIST_FILE = backgroundAndNavigation/Info.plist;
				INFOPLIST_KEY_UIApplicationSupportsIndirectInputEvents = YES;
				INFOPLIST_KEY_UILaunchStoryboardName = LaunchScreen;
				INFOPLIST_KEY_UIMainStoryboardFile = Main;
				INFOPLIST_KEY_UISupportedInterfaceOrientations_iPad = "UIInterfaceOrientationPortrait UIInterfaceOrientationPortraitUpsideDown UIInterfaceOrientationLandscapeLeft UIInterfaceOrientationLandscapeRight";
				INFOPLIST_KEY_UISupportedInterfaceOrientations_iPhone = "UIInterfaceOrientationPortrait UIInterfaceOrientationLandscapeLeft UIInterfaceOrientationLandscapeRight";
				IPHONEOS_DEPLOYMENT_TARGET = 14.0;
				LD_RUNPATH_SEARCH_PATHS = (
					"$(inherited)",
					"@executable_path/Frameworks",
				);
				MARKETING_VERSION = 1.0;
				PRODUCT_BUNDLE_IDENTIFIER = com.tabita.backgroundAndNavigation;
				PRODUCT_NAME = "$(TARGET_NAME)";
				SUPPORTED_PLATFORMS = "iphoneos iphonesimulator";
				SUPPORTS_MACCATALYST = NO;
				SUPPORTS_MAC_DESIGNED_FOR_IPHONE_IPAD = NO;
				SWIFT_EMIT_LOC_STRINGS = YES;
				SWIFT_VERSION = 5.0;
				TARGETED_DEVICE_FAMILY = 1;
			};
			name = Release;
		};
/* End XCBuildConfiguration section */

/* Begin XCConfigurationList section */
		62D46AB22A01D9ED00ECBFC1 /* Build configuration list for PBXProject "backgroundAndNavigation" */ = {
			isa = XCConfigurationList;
			buildConfigurations = (
				62D46ACC2A01D9F000ECBFC1 /* Debug */,
				62D46ACD2A01D9F000ECBFC1 /* Release */,
			);
			defaultConfigurationIsVisible = 0;
			defaultConfigurationName = Release;
		};
		62D46ACE2A01D9F000ECBFC1 /* Build configuration list for PBXNativeTarget "backgroundAndNavigation" */ = {
			isa = XCConfigurationList;
			buildConfigurations = (
				62D46ACF2A01D9F000ECBFC1 /* Debug */,
				62D46AD02A01D9F000ECBFC1 /* Release */,
			);
			defaultConfigurationIsVisible = 0;
			defaultConfigurationName = Release;
		};
/* End XCConfigurationList section */

/* Begin XCVersionGroup section */
		62D46AC32A01D9EE00ECBFC1 /* backgroundAndNavigation.xcdatamodeld */ = {
			isa = XCVersionGroup;
			children = (
				62D46AC42A01D9EE00ECBFC1 /* backgroundAndNavigation.xcdatamodel */,
			);
			currentVersion = 62D46AC42A01D9EE00ECBFC1 /* backgroundAndNavigation.xcdatamodel */;
			path = backgroundAndNavigation.xcdatamodeld;
			sourceTree = "<group>";
			versionGroupType = wrapper.xcdatamodel;
		};
/* End XCVersionGroup section */
	};
	rootObject = 62D46AAF2A01D9ED00ECBFC1 /* Project object */;
}
